
Microsoft Visual Studio Solution File, Format Version 12.00
# Visual Studio Version 17
VisualStudioVersion = 17.5.33530.505
MinimumVisualStudioVersion = 10.0.40219.1
Project("{FAE04EC0-301F-11D3-BF4B-00C04F79EFBC}") = "RevitAPICreateElementsAndAnnotations", "RevitAPICreateElementsAndAnnotations\RevitAPICreateElementsAndAnnotations.csproj", "{15B2F19B-55A7-4E12-99C4-206928B56789}"
EndProject
Project("{FAE04EC0-301F-11D3-BF4B-00C04F79EFBC}") = "RevitAPITrainingLibrary", "..\..\Тема 5.Основы создания интерфейса и библиотек\RevitAPITrainingLibrary\RevitAPITrainingLibrary\RevitAPITrainingLibrary.csproj", "{E88A23B6-FF27-485F-82E7-8E302C5EB089}"
EndProject
Project("{FAE04EC0-301F-11D3-BF4B-00C04F79EFBC}") = "RevitAPICreatePointObject", "RevitAPICreatePointObject\RevitAPICreatePointObject.csproj", "{A965375B-0C52-48E1-B6CA-EE2A0583FBA7}"
EndProject
Project("{FAE04EC0-301F-11D3-BF4B-00C04F79EFBC}") = "RevitAPICreateAnnotations", "RevitAPICreateAnnotations\RevitAPICreateAnnotations.csproj", "{64524B32-5FB6-4F29-8D08-39E41C40C66B}"
EndProject
Project("{FAE04EC0-301F-11D3-BF4B-00C04F79EFBC}") = "HW6.1RevitAPICreateDuct", "RevitAPICreateDuct\HW6.1RevitAPICreateDuct.csproj", "{F3BCAFBA-BF01-4193-8793-0716C276E535}"
EndProject
Project("{FAE04EC0-301F-11D3-BF4B-00C04F79EFBC}") = "HW6.2CreateFamilyInstance", "HW6.2CreateFamilyInstance\HW6.2CreateFamilyInstance.csproj", "{4DD4A1B4-6179-4226-A9AD-929F590E9A97}"
EndProject
Project("{FAE04EC0-301F-11D3-BF4B-00C04F79EFBC}") = "HW6.3CreateFamilysByLine", "HW6.3CreateFamilysByLine\HW6.3CreateFamilysByLine.csproj", "{CA051A7F-2C13-40F6-9047-3C82682B852D}"
EndProject
Global
	GlobalSection(SolutionConfigurationPlatforms) = preSolution
		Debug|Any CPU = Debug|Any CPU
		Release|Any CPU = Release|Any CPU
	EndGlobalSection
	GlobalSection(ProjectConfigurationPlatforms) = postSolution
		{15B2F19B-55A7-4E12-99C4-206928B56789}.Debug|Any CPU.ActiveCfg = Debug|Any CPU
		{15B2F19B-55A7-4E12-99C4-206928B56789}.Debug|Any CPU.Build.0 = Debug|Any CPU
		{15B2F19B-55A7-4E12-99C4-206928B56789}.Release|Any CPU.ActiveCfg = Release|Any CPU
		{15B2F19B-55A7-4E12-99C4-206928B56789}.Release|Any CPU.Build.0 = Release|Any CPU
		{E88A23B6-FF27-485F-82E7-8E302C5EB089}.Debug|Any CPU.ActiveCfg = Debug|Any CPU
		{E88A23B6-FF27-485F-82E7-8E302C5EB089}.Debug|Any CPU.Build.0 = Debug|Any CPU
		{E88A23B6-FF27-485F-82E7-8E302C5EB089}.Release|Any CPU.ActiveCfg = Release|Any CPU
		{E88A23B6-FF27-485F-82E7-8E302C5EB089}.Release|Any CPU.Build.0 = Release|Any CPU
		{A965375B-0C52-48E1-B6CA-EE2A0583FBA7}.Debug|Any CPU.ActiveCfg = Debug|Any CPU
		{A965375B-0C52-48E1-B6CA-EE2A0583FBA7}.Debug|Any CPU.Build.0 = Debug|Any CPU
		{A965375B-0C52-48E1-B6CA-EE2A0583FBA7}.Release|Any CPU.ActiveCfg = Release|Any CPU
		{A965375B-0C52-48E1-B6CA-EE2A0583FBA7}.Release|Any CPU.Build.0 = Release|Any CPU
		{64524B32-5FB6-4F29-8D08-39E41C40C66B}.Debug|Any CPU.ActiveCfg = Debug|Any CPU
		{64524B32-5FB6-4F29-8D08-39E41C40C66B}.Debug|Any CPU.Build.0 = Debug|Any CPU
		{64524B32-5FB6-4F29-8D08-39E41C40C66B}.Release|Any CPU.ActiveCfg = Release|Any CPU
		{64524B32-5FB6-4F29-8D08-39E41C40C66B}.Release|Any CPU.Build.0 = Release|Any CPU
		{F3BCAFBA-BF01-4193-8793-0716C276E535}.Debug|Any CPU.ActiveCfg = Debug|Any CPU
		{F3BCAFBA-BF01-4193-8793-0716C276E535}.Debug|Any CPU.Build.0 = Debug|Any CPU
		{F3BCAFBA-BF01-4193-8793-0716C276E535}.Release|Any CPU.ActiveCfg = Release|Any CPU
		{F3BCAFBA-BF01-4193-8793-0716C276E535}.Release|Any CPU.Build.0 = Release|Any CPU
		{4DD4A1B4-6179-4226-A9AD-929F590E9A97}.Debug|Any CPU.ActiveCfg = Debug|Any CPU
		{4DD4A1B4-6179-4226-A9AD-929F590E9A97}.Debug|Any CPU.Build.0 = Debug|Any CPU
		{4DD4A1B4-6179-4226-A9AD-929F590E9A97}.Release|Any CPU.ActiveCfg = Release|Any CPU
		{4DD4A1B4-6179-4226-A9AD-929F590E9A97}.Release|Any CPU.Build.0 = Release|Any CPU
		{CA051A7F-2C13-40F6-9047-3C82682B852D}.Debug|Any CPU.ActiveCfg = Debug|Any CPU
		{CA051A7F-2C13-40F6-9047-3C82682B852D}.Debug|Any CPU.Build.0 = Debug|Any CPU
		{CA051A7F-2C13-40F6-9047-3C82682B852D}.Release|Any CPU.ActiveCfg = Release|Any CPU
		{CA051A7F-2C13-40F6-9047-3C82682B852D}.Release|Any CPU.Build.0 = Release|Any CPU
	EndGlobalSection
	GlobalSection(SolutionProperties) = preSolution
		HideSolutionNode = FALSE
	EndGlobalSection
	GlobalSection(ExtensibilityGlobals) = postSolution
		SolutionGuid = {096E2B75-537A-4F69-80F2-C9BDE214E69E}
	EndGlobalSection
EndGlobal
